<?xml version="1.0" encoding="utf-8"?>
<Project ToolsVersion="4.0" xmlns="http://schemas.microsoft.com/developer/msbuild/2003">
  <ItemGroup>
    <Filter Include="源文件">
      <UniqueIdentifier>{4FC737F1-C7A5-4376-A066-2A32D752A2FF}</UniqueIdentifier>
      <Extensions>cpp;c;cc;cxx;def;odl;idl;hpj;bat;asm;asmx</Extensions>
    </Filter>
    <Filter Include="头文件">
      <UniqueIdentifier>{93995380-89BD-4b04-88EB-625FBE52EBFB}</UniqueIdentifier>
      <Extensions>h;hh;hpp;hxx;hm;inl;inc;ipp;xsd</Extensions>
    </Filter>
    <Filter Include="资源文件">
      <UniqueIdentifier>{67DA6AB6-F800-4c08-8B7A-83BB121AAD01}</UniqueIdentifier>
      <Extensions>rc;ico;cur;bmp;dlg;rc2;rct;bin;rgs;gif;jpg;jpeg;jpe;resx;tiff;tif;png;wav;mfcribbon-ms</Extensions>
    </Filter>
  </ItemGroup>
  <ItemGroup>
    <ClInclude Include="machine.h">
      <Filter>头文件</Filter>
    </ClInclude>
    <ClInclude Include="app.h">
      <Filter>头文件</Filter>
    </ClInclude>
    <ClInclude Include="instance.h">
      <Filter>头文件</Filter>
    </ClInclude>
    <ClInclude Include="task.h">
      <Filter>头文件</Filter>
    </ClInclude>
    <ClInclude Include="resource.h">
      <Filter>头文件</Filter>
    </ClInclude>
    <ClInclude Include="fileUtil.h">
      <Filter>头文件</Filter>
    </ClInclude>
    <ClInclude Include="rachine.h">
      <Filter>头文件</Filter>
    </ClInclude>
  </ItemGroup>
  <ItemGroup>
    <ClCompile Include="machine.cpp">
      <Filter>源文件</Filter>
    </ClCompile>
    <ClCompile Include="instance.cpp">
      <Filter>源文件</Filter>
    </ClCompile>
    <ClCompile Include="app.cpp">
      <Filter>源文件</Filter>
    </ClCompile>
    <ClCompile Include="task.cpp">
      <Filter>源文件</Filter>
    </ClCompile>
    <ClCompile Include="csv.cpp">
      <Filter>源文件</Filter>
    </ClCompile>
    <ClCompile Include="main.cpp">
      <Filter>源文件</Filter>
    </ClCompile>
    <ClCompile Include="fileUtil.cpp">
      <Filter>源文件</Filter>
    </ClCompile>
    <ClCompile Include="rachine.cpp">
      <Filter>源文件</Filter>
    </ClCompile>
  </ItemGroup>
  <ItemGroup>
    <ResourceCompile Include="Project.rc">
      <Filter>资源文件</Filter>
    </ResourceCompile>
  </ItemGroup>
  <ItemGroup>
    <None Include="data\app_interference.csv" />
    <None Include="data\app_resources.csv" />
    <None Include="data\instance_deploy.a.csv" />
    <None Include="data\instance_deploy.b.csv" />
    <None Include="data\instance_deploy.c.csv" />
    <None Include="data\instance_deploy.d.csv" />
    <None Include="data\instance_deploy.e.csv" />
    <None Include="data\job_info.a.csv" />
    <None Include="data\job_info.b.csv" />
    <None Include="data\job_info.c.csv" />
    <None Include="data\job_info.d.csv" />
    <None Include="data\job_info.e.csv" />
    <None Include="data\machine_resources.a.csv" />
    <None Include="data\machine_resources.b.csv" />
    <None Include="data\machine_resources.c.csv" />
    <None Include="data\machine_resources.d.csv" />
    <None Include="data\machine_resources.e.csv" />
  </ItemGroup>
</Project>